<?xml version="1.0" encoding="utf-8"?>
<Project ToolsVersion="4.0" xmlns="http://schemas.microsoft.com/developer/msbuild/2003">
  <ItemGroup>
    <Filter Include="Source Files">
      <UniqueIdentifier>{4FC737F1-C7A5-4376-A066-2A32D752A2FF}</UniqueIdentifier>
      <Extensions>cpp;c;cc;cxx;c++;cppm;ixx;def;odl;idl;hpj;bat;asm;asmx</Extensions>
    </Filter>
    <Filter Include="Header Files">
      <UniqueIdentifier>{93995380-89BD-4b04-88EB-625FBE52EBFB}</UniqueIdentifier>
      <Extensions>h;hh;hpp;hxx;h++;hm;inl;inc;ipp;xsd</Extensions>
    </Filter>
    <Filter Include="Resource Files">
      <UniqueIdentifier>{67DA6AB6-F800-4c08-8B7A-83BB121AAD01}</UniqueIdentifier>
      <Extensions>rc;ico;cur;bmp;dlg;rc2;rct;bin;rgs;gif;jpg;jpeg;jpe;resx;tiff;tif;png;wav;mfcribbon-ms</Extensions>
    </Filter>
  </ItemGroup>
  <ItemGroup>
    <ClCompile Include="main.cpp">
      <Filter>Source Files</Filter>
    </ClCompile>
    <ClCompile Include="core.cpp">
      <Filter>Source Files</Filter>
    </ClCompile>
    <ClCompile Include="..\include\imgui\imgui_draw.cpp">
      <Filter>Source Files</Filter>
    </ClCompile>
    <ClCompile Include="..\include\imgui\imgui.cpp">
      <Filter>Source Files</Filter>
    </ClCompile>
    <ClCompile Include="..\include\imgui\imgui_demo.cpp">
      <Filter>Source Files</Filter>
    </ClCompile>
    <ClCompile Include="..\include\imgui\imgui_impl_glfw.cpp">
      <Filter>Source Files</Filter>
    </ClCompile>
    <ClCompile Include="..\include\imgui\imgui_impl_opengl3.cpp">
      <Filter>Source Files</Filter>
    </ClCompile>
    <ClCompile Include="..\include\imgui\imgui_widgets.cpp">
      <Filter>Source Files</Filter>
    </ClCompile>
    <ClCompile Include="util\fileUtils.cpp">
      <Filter>Source Files</Filter>
    </ClCompile>
    <ClCompile Include="util\log.cpp">
      <Filter>Source Files</Filter>
    </ClCompile>
    <ClCompile Include="util\stringUtil.cpp">
      <Filter>Source Files</Filter>
    </ClCompile>
    <ClCompile Include="util\terminalColor.cpp">
      <Filter>Source Files</Filter>
    </ClCompile>
    <ClCompile Include="view\screen.cpp">
      <Filter>Source Files</Filter>
    </ClCompile>
    <ClCompile Include="..\include\imgui\imfilebrowser.cpp">
      <Filter>Source Files</Filter>
    </ClCompile>
    <ClCompile Include="graphics\textures\texture.cpp">
      <Filter>Source Files</Filter>
    </ClCompile>
    <ClCompile Include="graphics\opengl\bindable.cpp">
      <Filter>Source Files</Filter>
    </ClCompile>
    <ClCompile Include="graphics\imgui\texturepicker.cpp">
      <Filter>Source Files</Filter>
    </ClCompile>
    <ClCompile Include="graphics\imgui\widgets.cpp">
      <Filter>Source Files</Filter>
    </ClCompile>
    <ClCompile Include="view\settingsView.cpp">
      <Filter>Source Files</Filter>
    </ClCompile>
    <ClCompile Include="util\globals.cpp">
      <Filter>Source Files</Filter>
    </ClCompile>
    <ClCompile Include="view\pipeline.cpp">
      <Filter>Source Files</Filter>
    </ClCompile>
    <ClCompile Include="view\editor.cpp">
      <Filter>Source Files</Filter>
    </ClCompile>
    <ClCompile Include="graphics\opencv\histogram.cpp">
      <Filter>Source Files</Filter>
    </ClCompile>
    <ClCompile Include="graphics\opencv\cdf.cpp">
      <Filter>Source Files</Filter>
    </ClCompile>
    <ClCompile Include="graphics\opencv\equalization.cpp">
      <Filter>Source Files</Filter>
    </ClCompile>
    <ClCompile Include="graphics\opencv\draw.cpp">
      <Filter>Source Files</Filter>
    </ClCompile>
    <ClCompile Include="graphics\opencv\sobel.cpp">
      <Filter>Source Files</Filter>
    </ClCompile>
    <ClCompile Include="graphics\opencv\grayscale.cpp">
      <Filter>Source Files</Filter>
    </ClCompile>
    <ClCompile Include="graphics\opencv\blur.cpp">
      <Filter>Source Files</Filter>
    </ClCompile>
    <ClCompile Include="graphics\opencv\canny.cpp">
      <Filter>Source Files</Filter>
    </ClCompile>
    <ClCompile Include="graphics\opencv\saliency\src\motionSaliency.cpp">
      <Filter>Source Files</Filter>
    </ClCompile>
    <ClCompile Include="graphics\opencv\saliency\src\motionSaliencyBinWangApr2014.cpp">
      <Filter>Source Files</Filter>
    </ClCompile>
    <ClCompile Include="graphics\opencv\saliency\src\objectness.cpp">
      <Filter>Source Files</Filter>
    </ClCompile>
    <ClCompile Include="graphics\opencv\saliency\src\saliency.cpp">
      <Filter>Source Files</Filter>
    </ClCompile>
    <ClCompile Include="graphics\opencv\saliency\src\staticSaliency.cpp">
      <Filter>Source Files</Filter>
    </ClCompile>
    <ClCompile Include="graphics\opencv\saliency\src\staticSaliencyFineGrained.cpp">
      <Filter>Source Files</Filter>
    </ClCompile>
    <ClCompile Include="graphics\opencv\saliency\src\staticSaliencySpectralResidual.cpp">
      <Filter>Source Files</Filter>
    </ClCompile>
    <ClCompile Include="graphics\patch.cpp">
      <Filter>Source Files</Filter>
    </ClCompile>
    <ClCompile Include="graphics\mask.cpp">
      <Filter>Source Files</Filter>
    </ClCompile>
    <ClCompile Include="graphics\bounds.cpp">
      <Filter>Source Files</Filter>
    </ClCompile>
    <ClCompile Include="graphics\shape.cpp">
      <Filter>Source Files</Filter>
    </ClCompile>
    <ClCompile Include="graphics\mondriaanPatch.cpp">
      <Filter>Source Files</Filter>
    </ClCompile>
    <ClCompile Include="graphics\seedPoint.cpp">
      <Filter>Source Files</Filter>
    </ClCompile>
    <ClCompile Include="graphics\match.cpp">
      <Filter>Source Files</Filter>
    </ClCompile>
    <ClCompile Include="graphics\canvas.cpp">
      <Filter>Source Files</Filter>
    </ClCompile>
    <ClCompile Include="view\settings.cpp">
      <Filter>Source Files</Filter>
    </ClCompile>
    <ClCompile Include="graphics\textures\rotatedTexture.cpp">
      <Filter>Source Files</Filter>
    </ClCompile>
    <ClCompile Include="graphics\textures\extendedTexture.cpp">
      <Filter>Source Files</Filter>
    </ClCompile>
    <ClCompile Include="generation\SSPG\SSPG.cpp">
      <Filter>Source Files</Filter>
    </ClCompile>
    <ClCompile Include="generation\TSPG\TSPG.cpp">
      <Filter>Source Files</Filter>
    </ClCompile>
    <ClCompile Include="graphics\imgui\imguiStyle.cpp">
      <Filter>Source Files</Filter>
    </ClCompile>
    <ClCompile Include="generation\SSPG\SSPG_TemplateMatch.cpp">
      <Filter>Source Files</Filter>
    </ClCompile>
    <ClCompile Include="generation\SSPG\SSPG_Sift.cpp">
      <Filter>Source Files</Filter>
    </ClCompile>
    <ClCompile Include="generation\SSPG\SSPG_Random.cpp">
      <Filter>Source Files</Filter>
    </ClCompile>
    <ClCompile Include="generation\TSPG\TSPG_Greedy.cpp">
      <Filter>Source Files</Filter>
    </ClCompile>
    <ClCompile Include="generation\TSPG\TSPG_Jittered.cpp">
      <Filter>Source Files</Filter>
    </ClCompile>
    <ClCompile Include="graphics\features\Feature_Intensity.cpp">
      <Filter>Source Files</Filter>
    </ClCompile>
    <ClCompile Include="graphics\features\Feature_Edge.cpp">
      <Filter>Source Files</Filter>
    </ClCompile>
    <ClCompile Include="graphics\features\Feature.cpp">
      <Filter>Source Files</Filter>
    </ClCompile>
    <ClCompile Include="..\include\imgui\imgui_tables.cpp">
      <Filter>Source Files</Filter>
    </ClCompile>
    <ClCompile Include="math\utils.cpp">
      <Filter>Source Files</Filter>
    </ClCompile>
    <ClCompile Include="..\include\rolling_guidance\RollingGuidanceFilter.cpp">
      <Filter>Source Files</Filter>
    </ClCompile>
    <ClCompile Include="graphics\textures\sourceTexture.cpp">
      <Filter>Source Files</Filter>
    </ClCompile>
    <ClCompile Include="graphics\opencv\gabor.cpp">
      <Filter>Source Files</Filter>
    </ClCompile>
  </ItemGroup>
  <ItemGroup>
    <ClInclude Include="core.h">
      <Filter>Header Files</Filter>
    </ClInclude>
    <ClInclude Include="..\include\imgui\imgui.h">
      <Filter>Header Files</Filter>
    </ClInclude>
    <ClInclude Include="..\include\imgui\imgui_impl_glfw.h">
      <Filter>Header Files</Filter>
    </ClInclude>
    <ClInclude Include="..\include\imgui\imgui_impl_opengl3.h">
      <Filter>Header Files</Filter>
    </ClInclude>
    <ClInclude Include="..\include\imgui\imconfig.h">
      <Filter>Header Files</Filter>
    </ClInclude>
    <ClInclude Include="..\include\imgui\imgui_internal.h">
      <Filter>Header Files</Filter>
    </ClInclude>
    <ClInclude Include="..\include\imgui\imstb_rectpack.h">
      <Filter>Header Files</Filter>
    </ClInclude>
    <ClInclude Include="..\include\imgui\imstb_textedit.h">
      <Filter>Header Files</Filter>
    </ClInclude>
    <ClInclude Include="..\include\imgui\imstb_truetype.h">
      <Filter>Header Files</Filter>
    </ClInclude>
    <ClInclude Include="math\mat.h">
      <Filter>Header Files</Filter>
    </ClInclude>
    <ClInclude Include="math\quat.h">
      <Filter>Header Files</Filter>
    </ClInclude>
    <ClInclude Include="math\vec.h">
      <Filter>Header Files</Filter>
    </ClInclude>
    <ClInclude Include="util\typetraits.h">
      <Filter>Header Files</Filter>
    </ClInclude>
    <ClInclude Include="util\fileUtils.h">
      <Filter>Header Files</Filter>
    </ClInclude>
    <ClInclude Include="util\log.h">
      <Filter>Header Files</Filter>
    </ClInclude>
    <ClInclude Include="util\stringUtil.h">
      <Filter>Header Files</Filter>
    </ClInclude>
    <ClInclude Include="util\terminalColor.h">
      <Filter>Header Files</Filter>
    </ClInclude>
    <ClInclude Include="view\screen.h">
      <Filter>Header Files</Filter>
    </ClInclude>
    <ClInclude Include="util\smartPointers.h">
      <Filter>Header Files</Filter>
    </ClInclude>
    <ClInclude Include="..\include\imgui\imfilebrowser.h">
      <Filter>Header Files</Filter>
    </ClInclude>
    <ClInclude Include="graphics\textures\texture.h">
      <Filter>Header Files</Filter>
    </ClInclude>
    <ClInclude Include="graphics\opengl\bindable.h">
      <Filter>Header Files</Filter>
    </ClInclude>
    <ClInclude Include="graphics\imgui\texturepicker.h">
      <Filter>Header Files</Filter>
    </ClInclude>
    <ClInclude Include="graphics\imgui\widgets.h">
      <Filter>Header Files</Filter>
    </ClInclude>
    <ClInclude Include="graphics\color.h">
      <Filter>Header Files</Filter>
    </ClInclude>
    <ClInclude Include="math\utils.h">
      <Filter>Header Files</Filter>
    </ClInclude>
    <ClInclude Include="view\settingsView.h">
      <Filter>Header Files</Filter>
    </ClInclude>
    <ClInclude Include="main.h">
      <Filter>Header Files</Filter>
    </ClInclude>
    <ClInclude Include="util\globals.h">
      <Filter>Header Files</Filter>
    </ClInclude>
    <ClInclude Include="util\imageUtils.h">
      <Filter>Header Files</Filter>
    </ClInclude>
    <ClInclude Include="view\editor.h">
      <Filter>Header Files</Filter>
    </ClInclude>
    <ClInclude Include="view\pipeline.h">
      <Filter>Header Files</Filter>
    </ClInclude>
    <ClInclude Include="graphics\opencv\histogram.h">
      <Filter>Header Files</Filter>
    </ClInclude>
    <ClInclude Include="graphics\opencv\cdf.h">
      <Filter>Header Files</Filter>
    </ClInclude>
    <ClInclude Include="graphics\opencv\equalization.h">
      <Filter>Header Files</Filter>
    </ClInclude>
    <ClInclude Include="graphics\opencv\draw.h">
      <Filter>Header Files</Filter>
    </ClInclude>
    <ClInclude Include="graphics\opencv\sobel.h">
      <Filter>Header Files</Filter>
    </ClInclude>
    <ClInclude Include="graphics\opencv\grayscale.h">
      <Filter>Header Files</Filter>
    </ClInclude>
    <ClInclude Include="graphics\opencv\blur.h">
      <Filter>Header Files</Filter>
    </ClInclude>
    <ClInclude Include="graphics\opencv\canny.h">
      <Filter>Header Files</Filter>
    </ClInclude>
    <ClInclude Include="graphics\opencv\saliency\include\opencv2\saliency.hpp">
      <Filter>Header Files</Filter>
    </ClInclude>
    <ClInclude Include="graphics\opencv\saliency\include\opencv2\saliency\saliencyBaseClasses.hpp">
      <Filter>Header Files</Filter>
    </ClInclude>
    <ClInclude Include="graphics\opencv\saliency\include\opencv2\saliency\saliencySpecializedClasses.hpp">
      <Filter>Header Files</Filter>
    </ClInclude>
    <ClInclude Include="graphics\opencv\saliency\src\precomp.hpp">
      <Filter>Header Files</Filter>
    </ClInclude>
    <ClInclude Include="graphics\patch.h">
      <Filter>Header Files</Filter>
    </ClInclude>
    <ClInclude Include="graphics\mask.h">
      <Filter>Header Files</Filter>
    </ClInclude>
    <ClInclude Include="graphics\shape.h">
      <Filter>Header Files</Filter>
    </ClInclude>
    <ClInclude Include="graphics\bounds.h">
      <Filter>Header Files</Filter>
    </ClInclude>
    <ClInclude Include="graphics\mondriaanPatch.h">
      <Filter>Header Files</Filter>
    </ClInclude>
    <ClInclude Include="graphics\seedPoint.h">
      <Filter>Header Files</Filter>
    </ClInclude>
    <ClInclude Include="graphics\match.h">
      <Filter>Header Files</Filter>
    </ClInclude>
    <ClInclude Include="graphics\canvas.h">
      <Filter>Header Files</Filter>
    </ClInclude>
    <ClInclude Include="graphics\imgui\imguiUtils.h">
      <Filter>Header Files</Filter>
    </ClInclude>
    <ClInclude Include="graphics\features\Feature.h">
      <Filter>Header Files</Filter>
    </ClInclude>
    <ClInclude Include="view\settings.h">
      <Filter>Header Files</Filter>
    </ClInclude>
    <ClInclude Include="graphics\textures\rotatedTexture.h">
      <Filter>Header Files</Filter>
    </ClInclude>
    <ClInclude Include="graphics\textures\extendedTexture.h">
      <Filter>Header Files</Filter>
    </ClInclude>
    <ClInclude Include="util\RegularTree.h">
      <Filter>Header Files</Filter>
    </ClInclude>
    <ClInclude Include="util\sat.h">
      <Filter>Header Files</Filter>
    </ClInclude>
    <ClInclude Include="util\list.h">
      <Filter>Header Files</Filter>
    </ClInclude>
    <ClInclude Include="generation\TSPG\TSPG.h">
      <Filter>Header Files</Filter>
    </ClInclude>
    <ClInclude Include="generation\SSPG\SSPG.h">
      <Filter>Header Files</Filter>
    </ClInclude>
    <ClInclude Include="graphics\imgui\imguiStyle.h">
      <Filter>Header Files</Filter>
    </ClInclude>
    <ClInclude Include="graphics\features\Feature_Intensity.h">
      <Filter>Header Files</Filter>
    </ClInclude>
    <ClInclude Include="graphics\features\Feature_Edge.h">
      <Filter>Header Files</Filter>
    </ClInclude>
    <ClInclude Include="generation\SSPG\SSPG_TemplateMatch.h">
      <Filter>Header Files</Filter>
    </ClInclude>
    <ClInclude Include="generation\SSPG\SSPG_Sift.h">
      <Filter>Header Files</Filter>
    </ClInclude>
    <ClInclude Include="generation\SSPG\SSPG_Random.h">
      <Filter>Header Files</Filter>
    </ClInclude>
    <ClInclude Include="generation\TSPG\TSPG_Greedy.h">
      <Filter>Header Files</Filter>
    </ClInclude>
    <ClInclude Include="generation\TSPG\TSPG_Jittered.h">
      <Filter>Header Files</Filter>
    </ClInclude>
    <ClInclude Include="..\include\thread_pool\thread_pool.hpp">
      <Filter>Header Files</Filter>
    </ClInclude>
    <ClInclude Include="..\include\voronoi\jc_voronoi.h">
      <Filter>Header Files</Filter>
    </ClInclude>
    <ClInclude Include="..\include\voronoi\jc_voronoi_clip.h">
      <Filter>Header Files</Filter>
    </ClInclude>
    <ClInclude Include="..\include\rolling_guidance\RollingGuidanceFilter.h">
      <Filter>Header Files</Filter>
    </ClInclude>
    <ClInclude Include="..\include\rolling_guidance\permutohedral\Image.h">
      <Filter>Header Files</Filter>
    </ClInclude>
    <ClInclude Include="..\include\rolling_guidance\permutohedral\macros.h">
      <Filter>Header Files</Filter>
    </ClInclude>
    <ClInclude Include="..\include\rolling_guidance\permutohedral\permutohedral.h">
      <Filter>Header Files</Filter>
    </ClInclude>
    <ClInclude Include="graphics\textures\sourceTexture.h">
      <Filter>Header Files</Filter>
    </ClInclude>
    <ClInclude Include="graphics\opencv\gabor.h">
      <Filter>Header Files</Filter>
    </ClInclude>
    <ClInclude Include="math\btree.h">
      <Filter>Header Files</Filter>
    </ClInclude>
  </ItemGroup>
</Project>